
Microsoft Visual Studio Solution File, Format Version 12.00
# Visual Studio Version 16
VisualStudioVersion = 16.0.29306.81
MinimumVisualStudioVersion = 10.0.40219.1
Project("{E24C65DC-7377-472B-9ABA-BC803B73C61A}") = "Practice5", "Practice5\", "{2D852118-79C4-4D6B-9FAB-970EC4DD89E7}"
	ProjectSection(WebsiteProperties) = preProject
		TargetFrameworkMoniker = ".NETFramework,Version%3Dv4.7.2"
		Debug.AspNetCompiler.VirtualPath = "/localhost_1822"
		Debug.AspNetCompiler.PhysicalPath = "Practice5\"
		Debug.AspNetCompiler.TargetPath = "PrecompiledWeb\localhost_1822\"
		Debug.AspNetCompiler.Updateable = "true"
		Debug.AspNetCompiler.ForceOverwrite = "true"
		Debug.AspNetCompiler.FixedNames = "false"
		Debug.AspNetCompiler.Debug = "True"
		Release.AspNetCompiler.VirtualPath = "/localhost_1822"
		Release.AspNetCompiler.PhysicalPath = "Practice5\"
		Release.AspNetCompiler.TargetPath = "PrecompiledWeb\localhost_1822\"
		Release.AspNetCompiler.Updateable = "true"
		Release.AspNetCompiler.ForceOverwrite = "true"
		Release.AspNetCompiler.FixedNames = "false"
		Release.AspNetCompiler.Debug = "False"
		VWDPort = "1822"
		SlnRelativePath = "Practice5\"
		DefaultWebSiteLanguage = "Visual C#"
	EndProjectSection
EndProject
Global
	GlobalSection(SolutionConfigurationPlatforms) = preSolution
		Debug|Any CPU = Debug|Any CPU
	EndGlobalSection
	GlobalSection(ProjectConfigurationPlatforms) = postSolution
		{2D852118-79C4-4D6B-9FAB-970EC4DD89E7}.Debug|Any CPU.ActiveCfg = Debug|Any CPU
		{2D852118-79C4-4D6B-9FAB-970EC4DD89E7}.Debug|Any CPU.Build.0 = Debug|Any CPU
	EndGlobalSection
	GlobalSection(SolutionProperties) = preSolution
		HideSolutionNode = FALSE
	EndGlobalSection
	GlobalSection(ExtensibilityGlobals) = postSolution
		SolutionGuid = {FD3293E0-1F54-40A5-8666-10E9B4B14289}
	EndGlobalSection
EndGlobal
